{
  "requires": true,
  "lockfileVersion": 1,
  "dependencies": {
    "@seregpie/three.text-sprite": {
      "version": "3.2.0",
      "resolved": "https://registry.npmjs.org/@seregpie/three.text-sprite/-/three.text-sprite-3.2.0.tgz",
      "integrity": "sha512-ozQq7JFKGCltCvT3DG5SC77WnSJfZhYpSabhp+I1iZ9tTMxiPJqyEscmcMC+Rdxy1eYCBmZKGKBBcMLLrd5GuA==",
      "requires": {
        "@seregpie/three.text-texture": "^3.2.0"
      }
    },
    "@seregpie/three.text-texture": {
      "version": "3.2.1",
      "resolved": "https://registry.npmjs.org/@seregpie/three.text-texture/-/three.text-texture-3.2.1.tgz",
      "integrity": "sha512-+rBfu63PolUyg6WB56SxYIIGGw7BMiFMeoj6AcxGooGs1apnudu024EMY/6dr1KnpIa9lNIwSgJETeaclgT/BQ=="
    },
    "gsap": {
      "version": "3.6.1",
      "resolved": "https://registry.npmjs.org/gsap/-/gsap-3.6.1.tgz",
      "integrity": "sha512-hCkjk7UVbeEmlpFbiy7lIsh742bwVlMhdCnnQ1CvVOAdURyPX8hXjFZGh/0YzUyAcWPyJPE0/paMhSYtLhGlfA=="
    },
    "jquery": {
      "version": "3.6.0",
      "resolved": "https://registry.npmjs.org/jquery/-/jquery-3.6.0.tgz",
      "integrity": "sha512-JVzAR/AjBvVt2BmYhxRCSYysDsPcssdmTFnzyLEts9qNwmjmu4JTAMYubEfwVOSwpQ1I1sKKFcxhZCI2buerfw=="
    },
    "three": {
      "version": "0.129.0",
      "resolved": "https://registry.npmjs.org/three/-/three-0.129.0.tgz",
      "integrity": "sha512-wiWio1yVRg2Oj6WEWsTHQo5eSzYpEwSBtPSi3OofNpvFbf26HFfb9kw4FZJNjII4qxzp0b1xLB11+tKkBGB1ZA=="
    }
  }
}
